
Microsoft Visual Studio Solution File, Format Version 12.00
# Visual Studio 15
VisualStudioVersion = 15.0.27428.2027
MinimumVisualStudioVersion = 10.0.40219.1
Project("{FAE04EC0-301F-11D3-BF4B-00C04F79EFBC}") = "NP_lab3", "NP_lab3\NP_lab3.csproj", "{C6406B69-63E6-4C3E-B71C-93575DDD8E0D}"
EndProject
Global
	GlobalSection(SolutionConfigurationPlatforms) = preSolution
		Debug|Any CPU = Debug|Any CPU
		Release|Any CPU = Release|Any CPU
	EndGlobalSection
	GlobalSection(ProjectConfigurationPlatforms) = postSolution
		{C6406B69-63E6-4C3E-B71C-93575DDD8E0D}.Debug|Any CPU.ActiveCfg = Debug|Any CPU
		{C6406B69-63E6-4C3E-B71C-93575DDD8E0D}.Debug|Any CPU.Build.0 = Debug|Any CPU
		{C6406B69-63E6-4C3E-B71C-93575DDD8E0D}.Release|Any CPU.ActiveCfg = Release|Any CPU
		{C6406B69-63E6-4C3E-B71C-93575DDD8E0D}.Release|Any CPU.Build.0 = Release|Any CPU
	EndGlobalSection
	GlobalSection(SolutionProperties) = preSolution
		HideSolutionNode = FALSE
	EndGlobalSection
	GlobalSection(ExtensibilityGlobals) = postSolution
		SolutionGuid = {932C8526-C7BE-476D-98F4-9B0BFB2C9142}
	EndGlobalSection
EndGlobal
